// !$*UTF8*$!
{
	archiveVersion = 1;
	classes = {
	};
	objectVersion = 56;
	objects = {

/* Begin PBXBuildFile section */
		6F7380C52E55630300DF301F /* ContentView.swift in Sources */ = {isa = PBXBuildFile; fileRef = 6F7380C42E55630300DF301F /* ContentView.swift */; };
		6F7380C72E55630500DF301F /* Assets.xcassets in Resources */ = {isa = PBXBuildFile; fileRef = 6F7380C62E55630500DF301F /* Assets.xcassets */; };
		6F7380CA2E55630500DF301F /* Preview Assets.xcassets in Resources */ = {isa = PBXBuildFile; fileRef = 6F7380C92E55630500DF301F /* Preview Assets.xcassets */; };
		6F7380DB2E55679700DF301F /* WeTheInvestorsApp.swift in Sources */ = {isa = PBXBuildFile; fileRef = 6F7380DA2E55679700DF301F /* WeTheInvestorsApp.swift */; };
		6F7380DE2E5568A100DF301F /* RootTabView.swift in Sources */ = {isa = PBXBuildFile; fileRef = 6F7380DD2E5568A100DF301F /* RootTabView.swift */; };
		6F7380E02E5568E100DF301F /* HomeFeedView.swift in Sources */ = {isa = PBXBuildFile; fileRef = 6F7380DF2E5568E100DF301F /* HomeFeedView.swift */; };
		6F7380E42E55690400DF301F /* TradeRowView.swift in Sources */ = {isa = PBXBuildFile; fileRef = 6F7380E32E55690400DF301F /* TradeRowView.swift */; };
		6F7380E62E55691400DF301F /* SearchFilterView.swift in Sources */ = {isa = PBXBuildFile; fileRef = 6F7380E52E55691400DF301F /* SearchFilterView.swift */; };
		6F7380E82E55691F00DF301F /* MemberRowView.swift in Sources */ = {isa = PBXBuildFile; fileRef = 6F7380E72E55691F00DF301F /* MemberRowView.swift */; };
		6F7380EA2E55692B00DF301F /* InsightsView.swift in Sources */ = {isa = PBXBuildFile; fileRef = 6F7380E92E55692B00DF301F /* InsightsView.swift */; };
		6F7380EC2E55697F00DF301F /* Enums.swift in Sources */ = {isa = PBXBuildFile; fileRef = 6F7380EB2E55697F00DF301F /* Enums.swift */; };
		6F7380EE2E55699400DF301F /* Member.swift in Sources */ = {isa = PBXBuildFile; fileRef = 6F7380ED2E55699400DF301F /* Member.swift */; };
		6F7380F02E5569A800DF301F /* Trade.swift in Sources */ = {isa = PBXBuildFile; fileRef = 6F7380EF2E5569A800DF301F /* Trade.swift */; };
		6F7380F22E5569BC00DF301F /* FilterState.swift in Sources */ = {isa = PBXBuildFile; fileRef = 6F7380F12E5569BC00DF301F /* FilterState.swift */; };
		6F7380F42E5569CC00DF301F /* SavedFilter.swift in Sources */ = {isa = PBXBuildFile; fileRef = 6F7380F32E5569CC00DF301F /* SavedFilter.swift */; };
		6F7380F62E5569E000DF301F /* APIClient.swift in Sources */ = {isa = PBXBuildFile; fileRef = 6F7380F52E5569E000DF301F /* APIClient.swift */; };
		6F7380F82E556A1000DF301F /* MockAPIClient.swift in Sources */ = {isa = PBXBuildFile; fileRef = 6F7380F72E556A1000DF301F /* MockAPIClient.swift */; };
		6F7380FA2E556A3D00DF301F /* Persistence.swift in Sources */ = {isa = PBXBuildFile; fileRef = 6F7380F92E556A3D00DF301F /* Persistence.swift */; };
		6F7380FC2E556A4E00DF301F /* FollowingStore.swift in Sources */ = {isa = PBXBuildFile; fileRef = 6F7380FB2E556A4E00DF301F /* FollowingStore.swift */; };
		6F7380FE2E556A5A00DF301F /* FeedViewModel.swift in Sources */ = {isa = PBXBuildFile; fileRef = 6F7380FD2E556A5A00DF301F /* FeedViewModel.swift */; };
		6F7381002E556A8300DF301F /* SearchFilterViewModel.swift in Sources */ = {isa = PBXBuildFile; fileRef = 6F7380FF2E556A8300DF301F /* SearchFilterViewModel.swift */; };
		6F7381022E556AAE00DF301F /* InsightsViewModel.swift in Sources */ = {isa = PBXBuildFile; fileRef = 6F7381012E556AAE00DF301F /* InsightsViewModel.swift */; };
		6F7381042E556B5D00DF301F /* Insights.swift in Sources */ = {isa = PBXBuildFile; fileRef = 6F7381032E556B5D00DF301F /* Insights.swift */; };
/* End PBXBuildFile section */

/* Begin PBXFileReference section */
		6F7380BF2E55630300DF301F /* WeTheInvestors.app */ = {isa = PBXFileReference; explicitFileType = wrapper.application; includeInIndex = 0; path = WeTheInvestors.app; sourceTree = BUILT_PRODUCTS_DIR; };
		6F7380C42E55630300DF301F /* ContentView.swift */ = {isa = PBXFileReference; lastKnownFileType = sourcecode.swift; path = ContentView.swift; sourceTree = "<group>"; };
		6F7380C62E55630500DF301F /* Assets.xcassets */ = {isa = PBXFileReference; lastKnownFileType = folder.assetcatalog; path = Assets.xcassets; sourceTree = "<group>"; };
		6F7380C92E55630500DF301F /* Preview Assets.xcassets */ = {isa = PBXFileReference; lastKnownFileType = folder.assetcatalog; path = "Preview Assets.xcassets"; sourceTree = "<group>"; };
		6F7380DA2E55679700DF301F /* WeTheInvestorsApp.swift */ = {isa = PBXFileReference; fileEncoding = 4; lastKnownFileType = sourcecode.swift; path = WeTheInvestorsApp.swift; sourceTree = "<group>"; };
		6F7380DD2E5568A100DF301F /* RootTabView.swift */ = {isa = PBXFileReference; lastKnownFileType = sourcecode.swift; path = RootTabView.swift; sourceTree = "<group>"; };
		6F7380DF2E5568E100DF301F /* HomeFeedView.swift */ = {isa = PBXFileReference; lastKnownFileType = sourcecode.swift; path = HomeFeedView.swift; sourceTree = "<group>"; };
		6F7380E32E55690400DF301F /* TradeRowView.swift */ = {isa = PBXFileReference; lastKnownFileType = sourcecode.swift; path = TradeRowView.swift; sourceTree = "<group>"; };
		6F7380E52E55691400DF301F /* SearchFilterView.swift */ = {isa = PBXFileReference; lastKnownFileType = sourcecode.swift; path = SearchFilterView.swift; sourceTree = "<group>"; };
		6F7380E72E55691F00DF301F /* MemberRowView.swift */ = {isa = PBXFileReference; lastKnownFileType = sourcecode.swift; path = MemberRowView.swift; sourceTree = "<group>"; };
		6F7380E92E55692B00DF301F /* InsightsView.swift */ = {isa = PBXFileReference; lastKnownFileType = sourcecode.swift; path = InsightsView.swift; sourceTree = "<group>"; };
		6F7380EB2E55697F00DF301F /* Enums.swift */ = {isa = PBXFileReference; lastKnownFileType = sourcecode.swift; path = Enums.swift; sourceTree = "<group>"; };
		6F7380ED2E55699400DF301F /* Member.swift */ = {isa = PBXFileReference; lastKnownFileType = sourcecode.swift; path = Member.swift; sourceTree = "<group>"; };
		6F7380EF2E5569A800DF301F /* Trade.swift */ = {isa = PBXFileReference; lastKnownFileType = sourcecode.swift; path = Trade.swift; sourceTree = "<group>"; };
		6F7380F12E5569BC00DF301F /* FilterState.swift */ = {isa = PBXFileReference; lastKnownFileType = sourcecode.swift; path = FilterState.swift; sourceTree = "<group>"; };
		6F7380F32E5569CC00DF301F /* SavedFilter.swift */ = {isa = PBXFileReference; lastKnownFileType = sourcecode.swift; path = SavedFilter.swift; sourceTree = "<group>"; };
		6F7380F52E5569E000DF301F /* APIClient.swift */ = {isa = PBXFileReference; lastKnownFileType = sourcecode.swift; path = APIClient.swift; sourceTree = "<group>"; };
		6F7380F72E556A1000DF301F /* MockAPIClient.swift */ = {isa = PBXFileReference; lastKnownFileType = sourcecode.swift; path = MockAPIClient.swift; sourceTree = "<group>"; };
		6F7380F92E556A3D00DF301F /* Persistence.swift */ = {isa = PBXFileReference; lastKnownFileType = sourcecode.swift; path = Persistence.swift; sourceTree = "<group>"; };
		6F7380FB2E556A4E00DF301F /* FollowingStore.swift */ = {isa = PBXFileReference; lastKnownFileType = sourcecode.swift; path = FollowingStore.swift; sourceTree = "<group>"; };
		6F7380FD2E556A5A00DF301F /* FeedViewModel.swift */ = {isa = PBXFileReference; lastKnownFileType = sourcecode.swift; path = FeedViewModel.swift; sourceTree = "<group>"; };
		6F7380FF2E556A8300DF301F /* SearchFilterViewModel.swift */ = {isa = PBXFileReference; lastKnownFileType = sourcecode.swift; path = SearchFilterViewModel.swift; sourceTree = "<group>"; };
		6F7381012E556AAE00DF301F /* InsightsViewModel.swift */ = {isa = PBXFileReference; lastKnownFileType = sourcecode.swift; path = InsightsViewModel.swift; sourceTree = "<group>"; };
		6F7381032E556B5D00DF301F /* Insights.swift */ = {isa = PBXFileReference; lastKnownFileType = sourcecode.swift; path = Insights.swift; sourceTree = "<group>"; };
/* End PBXFileReference section */

/* Begin PBXFrameworksBuildPhase section */
		6F7380BC2E55630300DF301F /* Frameworks */ = {
			isa = PBXFrameworksBuildPhase;
			buildActionMask = 2147483647;
			files = (
			);
			runOnlyForDeploymentPostprocessing = 0;
		};
/* End PBXFrameworksBuildPhase section */

/* Begin PBXGroup section */
		6F7380B62E55630300DF301F = {
			isa = PBXGroup;
			children = (
				6F7380C12E55630300DF301F /* WeTheInvestors */,
				6F7380C02E55630300DF301F /* Products */,
			);
			sourceTree = "<group>";
		};
		6F7380C02E55630300DF301F /* Products */ = {
			isa = PBXGroup;
			children = (
				6F7380BF2E55630300DF301F /* WeTheInvestors.app */,
			);
			name = Products;
			sourceTree = "<group>";
		};
		6F7380C12E55630300DF301F /* WeTheInvestors */ = {
			isa = PBXGroup;
			children = (
				6F7380D92E55679700DF301F /* App */,
				6F7380D72E55679600DF301F /* Models */,
				6F7380D82E55679700DF301F /* Services */,
				6F7380D62E55679600DF301F /* ViewModels */,
				6F7380D12E55679600DF301F /* Views */,
				6F7380C42E55630300DF301F /* ContentView.swift */,
				6F7380C62E55630500DF301F /* Assets.xcassets */,
				6F7380C82E55630500DF301F /* Preview Content */,
			);
			path = WeTheInvestors;
			sourceTree = "<group>";
		};
		6F7380C82E55630500DF301F /* Preview Content */ = {
			isa = PBXGroup;
			children = (
				6F7380C92E55630500DF301F /* Preview Assets.xcassets */,
			);
			path = "Preview Content";
			sourceTree = "<group>";
		};
		6F7380D12E55679600DF301F /* Views */ = {
			isa = PBXGroup;
			children = (
				6F7380D22E55679600DF301F /* Tabs */,
				6F7380D32E55679600DF301F /* Insights */,
				6F7380D42E55679600DF301F /* SearchFilter */,
				6F7380D52E55679600DF301F /* Feed */,
			);
			path = Views;
			sourceTree = "<group>";
		};
		6F7380D22E55679600DF301F /* Tabs */ = {
			isa = PBXGroup;
			children = (
				6F7380DD2E5568A100DF301F /* RootTabView.swift */,
			);
			path = Tabs;
			sourceTree = "<group>";
		};
		6F7380D32E55679600DF301F /* Insights */ = {
			isa = PBXGroup;
			children = (
				6F7380E92E55692B00DF301F /* InsightsView.swift */,
			);
			path = Insights;
			sourceTree = "<group>";
		};
		6F7380D42E55679600DF301F /* SearchFilter */ = {
			isa = PBXGroup;
			children = (
				6F7380E52E55691400DF301F /* SearchFilterView.swift */,
				6F7380E72E55691F00DF301F /* MemberRowView.swift */,
			);
			path = SearchFilter;
			sourceTree = "<group>";
		};
		6F7380D52E55679600DF301F /* Feed */ = {
			isa = PBXGroup;
			children = (
				6F7380DF2E5568E100DF301F /* HomeFeedView.swift */,
				6F7380E32E55690400DF301F /* TradeRowView.swift */,
			);
			path = Feed;
			sourceTree = "<group>";
		};
		6F7380D62E55679600DF301F /* ViewModels */ = {
			isa = PBXGroup;
			children = (
				6F7380FB2E556A4E00DF301F /* FollowingStore.swift */,
				6F7380FD2E556A5A00DF301F /* FeedViewModel.swift */,
				6F7380FF2E556A8300DF301F /* SearchFilterViewModel.swift */,
				6F7381012E556AAE00DF301F /* InsightsViewModel.swift */,
			);
			path = ViewModels;
			sourceTree = "<group>";
		};
		6F7380D72E55679600DF301F /* Models */ = {
			isa = PBXGroup;
			children = (
				6F7380EB2E55697F00DF301F /* Enums.swift */,
				6F7380ED2E55699400DF301F /* Member.swift */,
				6F7380EF2E5569A800DF301F /* Trade.swift */,
				6F7380F12E5569BC00DF301F /* FilterState.swift */,
				6F7380F32E5569CC00DF301F /* SavedFilter.swift */,
				6F7381032E556B5D00DF301F /* Insights.swift */,
			);
			path = Models;
			sourceTree = "<group>";
		};
		6F7380D82E55679700DF301F /* Services */ = {
			isa = PBXGroup;
			children = (
				6F7380F52E5569E000DF301F /* APIClient.swift */,
				6F7380F72E556A1000DF301F /* MockAPIClient.swift */,
				6F7380F92E556A3D00DF301F /* Persistence.swift */,
			);
			path = Services;
			sourceTree = "<group>";
		};
		6F7380D92E55679700DF301F /* App */ = {
			isa = PBXGroup;
			children = (
				6F7380DA2E55679700DF301F /* WeTheInvestorsApp.swift */,
			);
			path = App;
			sourceTree = "<group>";
		};
/* End PBXGroup section */

/* Begin PBXNativeTarget section */
		6F7380BE2E55630300DF301F /* WeTheInvestors */ = {
			isa = PBXNativeTarget;
			buildConfigurationList = 6F7380CD2E55630500DF301F /* Build configuration list for PBXNativeTarget "WeTheInvestors" */;
			buildPhases = (
				6F7380BB2E55630300DF301F /* Sources */,
				6F7380BC2E55630300DF301F /* Frameworks */,
				6F7380BD2E55630300DF301F /* Resources */,
			);
			buildRules = (
			);
			dependencies = (
			);
			name = WeTheInvestors;
			productName = WeTheInvestors;
			productReference = 6F7380BF2E55630300DF301F /* WeTheInvestors.app */;
			productType = "com.apple.product-type.application";
		};
/* End PBXNativeTarget section */

/* Begin PBXProject section */
		6F7380B72E55630300DF301F /* Project object */ = {
			isa = PBXProject;
			attributes = {
				BuildIndependentTargetsInParallel = 1;
				LastSwiftUpdateCheck = 1520;
				LastUpgradeCheck = 1520;
				TargetAttributes = {
					6F7380BE2E55630300DF301F = {
						CreatedOnToolsVersion = 15.2;
					};
				};
			};
			buildConfigurationList = 6F7380BA2E55630300DF301F /* Build configuration list for PBXProject "WeTheInvestors" */;
			compatibilityVersion = "Xcode 14.0";
			developmentRegion = en;
			hasScannedForEncodings = 0;
			knownRegions = (
				en,
				Base,
			);
			mainGroup = 6F7380B62E55630300DF301F;
			productRefGroup = 6F7380C02E55630300DF301F /* Products */;
			projectDirPath = "";
			projectRoot = "";
			targets = (
				6F7380BE2E55630300DF301F /* WeTheInvestors */,
			);
		};
/* End PBXProject section */

/* Begin PBXResourcesBuildPhase section */
		6F7380BD2E55630300DF301F /* Resources */ = {
			isa = PBXResourcesBuildPhase;
			buildActionMask = 2147483647;
			files = (
				6F7380CA2E55630500DF301F /* Preview Assets.xcassets in Resources */,
				6F7380C72E55630500DF301F /* Assets.xcassets in Resources */,
			);
			runOnlyForDeploymentPostprocessing = 0;
		};
/* End PBXResourcesBuildPhase section */

/* Begin PBXSourcesBuildPhase section */
		6F7380BB2E55630300DF301F /* Sources */ = {
			isa = PBXSourcesBuildPhase;
			buildActionMask = 2147483647;
			files = (
				6F7380FC2E556A4E00DF301F /* FollowingStore.swift in Sources */,
				6F7380F42E5569CC00DF301F /* SavedFilter.swift in Sources */,
				6F7380FA2E556A3D00DF301F /* Persistence.swift in Sources */,
				6F7380F62E5569E000DF301F /* APIClient.swift in Sources */,
				6F7380DB2E55679700DF301F /* WeTheInvestorsApp.swift in Sources */,
				6F7380F02E5569A800DF301F /* Trade.swift in Sources */,
				6F7380EA2E55692B00DF301F /* InsightsView.swift in Sources */,
				6F7380F22E5569BC00DF301F /* FilterState.swift in Sources */,
				6F7380FE2E556A5A00DF301F /* FeedViewModel.swift in Sources */,
				6F7380E82E55691F00DF301F /* MemberRowView.swift in Sources */,
				6F7380E42E55690400DF301F /* TradeRowView.swift in Sources */,
				6F7381022E556AAE00DF301F /* InsightsViewModel.swift in Sources */,
				6F7380E02E5568E100DF301F /* HomeFeedView.swift in Sources */,
				6F7380DE2E5568A100DF301F /* RootTabView.swift in Sources */,
				6F7381002E556A8300DF301F /* SearchFilterViewModel.swift in Sources */,
				6F7381042E556B5D00DF301F /* Insights.swift in Sources */,
				6F7380E62E55691400DF301F /* SearchFilterView.swift in Sources */,
				6F7380EC2E55697F00DF301F /* Enums.swift in Sources */,
				6F7380C52E55630300DF301F /* ContentView.swift in Sources */,
				6F7380EE2E55699400DF301F /* Member.swift in Sources */,
				6F7380F82E556A1000DF301F /* MockAPIClient.swift in Sources */,
			);
			runOnlyForDeploymentPostprocessing = 0;
		};
/* End PBXSourcesBuildPhase section */

/* Begin XCBuildConfiguration section */
		6F7380CB2E55630500DF301F /* Debug */ = {
			isa = XCBuildConfiguration;
			buildSettings = {
				ALWAYS_SEARCH_USER_PATHS = NO;
				ASSETCATALOG_COMPILER_GENERATE_SWIFT_ASSET_SYMBOL_EXTENSIONS = YES;
				CLANG_ANALYZER_NONNULL = YES;
				CLANG_ANALYZER_NUMBER_OBJECT_CONVERSION = YES_AGGRESSIVE;
				CLANG_CXX_LANGUAGE_STANDARD = "gnu++20";
				CLANG_ENABLE_MODULES = YES;
				CLANG_ENABLE_OBJC_ARC = YES;
				CLANG_ENABLE_OBJC_WEAK = YES;
				CLANG_WARN_BLOCK_CAPTURE_AUTORELEASING = YES;
				CLANG_WARN_BOOL_CONVERSION = YES;
				CLANG_WARN_COMMA = YES;
				CLANG_WARN_CONSTANT_CONVERSION = YES;
				CLANG_WARN_DEPRECATED_OBJC_IMPLEMENTATIONS = YES;
				CLANG_WARN_DIRECT_OBJC_ISA_USAGE = YES_ERROR;
				CLANG_WARN_DOCUMENTATION_COMMENTS = YES;
				CLANG_WARN_EMPTY_BODY = YES;
				CLANG_WARN_ENUM_CONVERSION = YES;
				CLANG_WARN_INFINITE_RECURSION = YES;
				CLANG_WARN_INT_CONVERSION = YES;
				CLANG_WARN_NON_LITERAL_NULL_CONVERSION = YES;
				CLANG_WARN_OBJC_IMPLICIT_RETAIN_SELF = YES;
				CLANG_WARN_OBJC_LITERAL_CONVERSION = YES;
				CLANG_WARN_OBJC_ROOT_CLASS = YES_ERROR;
				CLANG_WARN_QUOTED_INCLUDE_IN_FRAMEWORK_HEADER = YES;
				CLANG_WARN_RANGE_LOOP_ANALYSIS = YES;
				CLANG_WARN_STRICT_PROTOTYPES = YES;
				CLANG_WARN_SUSPICIOUS_MOVE = YES;
				CLANG_WARN_UNGUARDED_AVAILABILITY = YES_AGGRESSIVE;
				CLANG_WARN_UNREACHABLE_CODE = YES;
				CLANG_WARN__DUPLICATE_METHOD_MATCH = YES;
				COPY_PHASE_STRIP = NO;
				DEBUG_INFORMATION_FORMAT = dwarf;
				ENABLE_STRICT_OBJC_MSGSEND = YES;
				ENABLE_TESTABILITY = YES;
				ENABLE_USER_SCRIPT_SANDBOXING = YES;
				GCC_C_LANGUAGE_STANDARD = gnu17;
				GCC_DYNAMIC_NO_PIC = NO;
				GCC_NO_COMMON_BLOCKS = YES;
				GCC_OPTIMIZATION_LEVEL = 0;
				GCC_PREPROCESSOR_DEFINITIONS = (
					"DEBUG=1",
					"$(inherited)",
				);
				GCC_WARN_64_TO_32_BIT_CONVERSION = YES;
				GCC_WARN_ABOUT_RETURN_TYPE = YES_ERROR;
				GCC_WARN_UNDECLARED_SELECTOR = YES;
				GCC_WARN_UNINITIALIZED_AUTOS = YES_AGGRESSIVE;
				GCC_WARN_UNUSED_FUNCTION = YES;
				GCC_WARN_UNUSED_VARIABLE = YES;
				IPHONEOS_DEPLOYMENT_TARGET = 17.2;
				LOCALIZATION_PREFERS_STRING_CATALOGS = YES;
				MTL_ENABLE_DEBUG_INFO = INCLUDE_SOURCE;
				MTL_FAST_MATH = YES;
				ONLY_ACTIVE_ARCH = YES;
				SDKROOT = iphoneos;
				SWIFT_ACTIVE_COMPILATION_CONDITIONS = "DEBUG $(inherited)";
				SWIFT_OPTIMIZATION_LEVEL = "-Onone";
			};
			name = Debug;
		};
		6F7380CC2E55630500DF301F /* Release */ = {
			isa = XCBuildConfiguration;
			buildSettings = {
				ALWAYS_SEARCH_USER_PATHS = NO;
				ASSETCATALOG_COMPILER_GENERATE_SWIFT_ASSET_SYMBOL_EXTENSIONS = YES;
				CLANG_ANALYZER_NONNULL = YES;
				CLANG_ANALYZER_NUMBER_OBJECT_CONVERSION = YES_AGGRESSIVE;
				CLANG_CXX_LANGUAGE_STANDARD = "gnu++20";
				CLANG_ENABLE_MODULES = YES;
				CLANG_ENABLE_OBJC_ARC = YES;
				CLANG_ENABLE_OBJC_WEAK = YES;
				CLANG_WARN_BLOCK_CAPTURE_AUTORELEASING = YES;
				CLANG_WARN_BOOL_CONVERSION = YES;
				CLANG_WARN_COMMA = YES;
				CLANG_WARN_CONSTANT_CONVERSION = YES;
				CLANG_WARN_DEPRECATED_OBJC_IMPLEMENTATIONS = YES;
				CLANG_WARN_DIRECT_OBJC_ISA_USAGE = YES_ERROR;
				CLANG_WARN_DOCUMENTATION_COMMENTS = YES;
				CLANG_WARN_EMPTY_BODY = YES;
				CLANG_WARN_ENUM_CONVERSION = YES;
				CLANG_WARN_INFINITE_RECURSION = YES;
				CLANG_WARN_INT_CONVERSION = YES;
				CLANG_WARN_NON_LITERAL_NULL_CONVERSION = YES;
				CLANG_WARN_OBJC_IMPLICIT_RETAIN_SELF = YES;
				CLANG_WARN_OBJC_LITERAL_CONVERSION = YES;
				CLANG_WARN_OBJC_ROOT_CLASS = YES_ERROR;
				CLANG_WARN_QUOTED_INCLUDE_IN_FRAMEWORK_HEADER = YES;
				CLANG_WARN_RANGE_LOOP_ANALYSIS = YES;
				CLANG_WARN_STRICT_PROTOTYPES = YES;
				CLANG_WARN_SUSPICIOUS_MOVE = YES;
				CLANG_WARN_UNGUARDED_AVAILABILITY = YES_AGGRESSIVE;
				CLANG_WARN_UNREACHABLE_CODE = YES;
				CLANG_WARN__DUPLICATE_METHOD_MATCH = YES;
				COPY_PHASE_STRIP = NO;
				DEBUG_INFORMATION_FORMAT = "dwarf-with-dsym";
				ENABLE_NS_ASSERTIONS = NO;
				ENABLE_STRICT_OBJC_MSGSEND = YES;
				ENABLE_USER_SCRIPT_SANDBOXING = YES;
				GCC_C_LANGUAGE_STANDARD = gnu17;
				GCC_NO_COMMON_BLOCKS = YES;
				GCC_WARN_64_TO_32_BIT_CONVERSION = YES;
				GCC_WARN_ABOUT_RETURN_TYPE = YES_ERROR;
				GCC_WARN_UNDECLARED_SELECTOR = YES;
				GCC_WARN_UNINITIALIZED_AUTOS = YES_AGGRESSIVE;
				GCC_WARN_UNUSED_FUNCTION = YES;
				GCC_WARN_UNUSED_VARIABLE = YES;
				IPHONEOS_DEPLOYMENT_TARGET = 17.2;
				LOCALIZATION_PREFERS_STRING_CATALOGS = YES;
				MTL_ENABLE_DEBUG_INFO = NO;
				MTL_FAST_MATH = YES;
				SDKROOT = iphoneos;
				SWIFT_COMPILATION_MODE = wholemodule;
				VALIDATE_PRODUCT = YES;
			};
			name = Release;
		};
		6F7380CE2E55630500DF301F /* Debug */ = {
			isa = XCBuildConfiguration;
			buildSettings = {
				ASSETCATALOG_COMPILER_APPICON_NAME = AppIcon;
				ASSETCATALOG_COMPILER_GLOBAL_ACCENT_COLOR_NAME = AccentColor;
				CODE_SIGN_STYLE = Automatic;
				CURRENT_PROJECT_VERSION = 1;
				DEVELOPMENT_ASSET_PATHS = "\"WeTheInvestors/Preview Content\"";
				DEVELOPMENT_TEAM = 5L835P595Y;
				ENABLE_PREVIEWS = YES;
				GENERATE_INFOPLIST_FILE = YES;
				INFOPLIST_KEY_UIApplicationSceneManifest_Generation = YES;
				INFOPLIST_KEY_UIApplicationSupportsIndirectInputEvents = YES;
				INFOPLIST_KEY_UILaunchScreen_Generation = YES;
				INFOPLIST_KEY_UISupportedInterfaceOrientations_iPad = "UIInterfaceOrientationPortrait UIInterfaceOrientationPortraitUpsideDown UIInterfaceOrientationLandscapeLeft UIInterfaceOrientationLandscapeRight";
				INFOPLIST_KEY_UISupportedInterfaceOrientations_iPhone = "UIInterfaceOrientationPortrait UIInterfaceOrientationLandscapeLeft UIInterfaceOrientationLandscapeRight";
				LD_RUNPATH_SEARCH_PATHS = (
					"$(inherited)",
					"@executable_path/Frameworks",
				);
				MARKETING_VERSION = 1.0;
				PRODUCT_BUNDLE_IDENTIFIER = WeTheInvestors.WeTheInvestors;
				PRODUCT_NAME = "$(TARGET_NAME)";
				SWIFT_EMIT_LOC_STRINGS = YES;
				SWIFT_VERSION = 5.0;
				TARGETED_DEVICE_FAMILY = "1,2";
			};
			name = Debug;
		};
		6F7380CF2E55630500DF301F /* Release */ = {
			isa = XCBuildConfiguration;
			buildSettings = {
				ASSETCATALOG_COMPILER_APPICON_NAME = AppIcon;
				ASSETCATALOG_COMPILER_GLOBAL_ACCENT_COLOR_NAME = AccentColor;
				CODE_SIGN_STYLE = Automatic;
				CURRENT_PROJECT_VERSION = 1;
				DEVELOPMENT_ASSET_PATHS = "\"WeTheInvestors/Preview Content\"";
				DEVELOPMENT_TEAM = 5L835P595Y;
				ENABLE_PREVIEWS = YES;
				GENERATE_INFOPLIST_FILE = YES;
				INFOPLIST_KEY_UIApplicationSceneManifest_Generation = YES;
				INFOPLIST_KEY_UIApplicationSupportsIndirectInputEvents = YES;
				INFOPLIST_KEY_UILaunchScreen_Generation = YES;
				INFOPLIST_KEY_UISupportedInterfaceOrientations_iPad = "UIInterfaceOrientationPortrait UIInterfaceOrientationPortraitUpsideDown UIInterfaceOrientationLandscapeLeft UIInterfaceOrientationLandscapeRight";
				INFOPLIST_KEY_UISupportedInterfaceOrientations_iPhone = "UIInterfaceOrientationPortrait UIInterfaceOrientationLandscapeLeft UIInterfaceOrientationLandscapeRight";
				LD_RUNPATH_SEARCH_PATHS = (
					"$(inherited)",
					"@executable_path/Frameworks",
				);
				MARKETING_VERSION = 1.0;
				PRODUCT_BUNDLE_IDENTIFIER = WeTheInvestors.WeTheInvestors;
				PRODUCT_NAME = "$(TARGET_NAME)";
				SWIFT_EMIT_LOC_STRINGS = YES;
				SWIFT_VERSION = 5.0;
				TARGETED_DEVICE_FAMILY = "1,2";
			};
			name = Release;
		};
/* End XCBuildConfiguration section */

/* Begin XCConfigurationList section */
		6F7380BA2E55630300DF301F /* Build configuration list for PBXProject "WeTheInvestors" */ = {
			isa = XCConfigurationList;
			buildConfigurations = (
				6F7380CB2E55630500DF301F /* Debug */,
				6F7380CC2E55630500DF301F /* Release */,
			);
			defaultConfigurationIsVisible = 0;
			defaultConfigurationName = Release;
		};
		6F7380CD2E55630500DF301F /* Build configuration list for PBXNativeTarget "WeTheInvestors" */ = {
			isa = XCConfigurationList;
			buildConfigurations = (
				6F7380CE2E55630500DF301F /* Debug */,
				6F7380CF2E55630500DF301F /* Release */,
			);
			defaultConfigurationIsVisible = 0;
			defaultConfigurationName = Release;
		};
/* End XCConfigurationList section */
	};
	rootObject = 6F7380B72E55630300DF301F /* Project object */;
}
